{
  "name": "apotekci4",
  "lockfileVersion": 3,
  "requires": true,
  "packages": {
    "": {
      "dependencies": {
        "autonumeric": "^4.9.0"
      }
    },
    "node_modules/autonumeric": {
      "version": "4.9.0",
      "resolved": "https://registry.npmjs.org/autonumeric/-/autonumeric-4.9.0.tgz",
      "integrity": "sha512-wCNM6AzgZh2QibED+HOnD2PD8qp3YyXqM6akADdMViqhDx+M+Nwq70WNh26eEjRWfclTh9f+kw2GLx2+ZUmOGw==",
      "funding": {
        "type": "patreon",
        "url": "https://www.patreon.com/AlexandreBonneau"
      }
    }
  }
}
